
Microsoft Visual Studio Solution File, Format Version 12.00
# Visual Studio Version 16
VisualStudioVersion = 16.0.29001.49
MinimumVisualStudioVersion = 10.0.40219.1
Project("{FAE04EC0-301F-11D3-BF4B-00C04F79EFBC}") = "WebApplication1", "WebApplication1\WebApplication1.csproj", "{57D4B136-2ECE-4FDC-8DDA-6DA59CC6A848}"
EndProject
Project("{FAE04EC0-301F-11D3-BF4B-00C04F79EFBC}") = "WebApplication1.Tests", "WebApplication1.Tests\WebApplication1.Tests.csproj", "{158F71E7-BBF7-432D-9E8A-BE41D8721A99}"
EndProject
Global
	GlobalSection(SolutionConfigurationPlatforms) = preSolution
		Debug|Any CPU = Debug|Any CPU
		Release|Any CPU = Release|Any CPU
	EndGlobalSection
	GlobalSection(ProjectConfigurationPlatforms) = postSolution
		{57D4B136-2ECE-4FDC-8DDA-6DA59CC6A848}.Debug|Any CPU.ActiveCfg = Debug|Any CPU
		{57D4B136-2ECE-4FDC-8DDA-6DA59CC6A848}.Debug|Any CPU.Build.0 = Debug|Any CPU
		{57D4B136-2ECE-4FDC-8DDA-6DA59CC6A848}.Release|Any CPU.ActiveCfg = Release|Any CPU
		{57D4B136-2ECE-4FDC-8DDA-6DA59CC6A848}.Release|Any CPU.Build.0 = Release|Any CPU
		{158F71E7-BBF7-432D-9E8A-BE41D8721A99}.Debug|Any CPU.ActiveCfg = Debug|Any CPU
		{158F71E7-BBF7-432D-9E8A-BE41D8721A99}.Debug|Any CPU.Build.0 = Debug|Any CPU
		{158F71E7-BBF7-432D-9E8A-BE41D8721A99}.Release|Any CPU.ActiveCfg = Release|Any CPU
		{158F71E7-BBF7-432D-9E8A-BE41D8721A99}.Release|Any CPU.Build.0 = Release|Any CPU
	EndGlobalSection
	GlobalSection(SolutionProperties) = preSolution
		HideSolutionNode = FALSE
	EndGlobalSection
	GlobalSection(ExtensibilityGlobals) = postSolution
		SolutionGuid = {9A50B2CC-761E-4962-B006-D3F45E734D5A}
	EndGlobalSection
EndGlobal
